PATH
  remote: .
  specs:
    cliptic (0.1.5)
      curb
      curses
      sqlite3

GEM
  remote: https://rubygems.org/
  specs:
    curb (1.2.2)
    curses (1.6.0)
    rake (13.0.3)
    sqlite3 (2.9.2-arm64-darwin)
    sqlite3 (2.9.2-x86_64-darwin)

PLATFORMS
  arm64-darwin-25
  x86_64-darwin-18

DEPENDENCIES
  cliptic!
  rake (~> 13.0)

BUNDLED WITH
   2.2.15
